
Microsoft Visual Studio Solution File, Format Version 12.00
# Visual Studio Version 16
VisualStudioVersion = 16.0.31605.320
MinimumVisualStudioVersion = 10.0.40219.1
Project("{FAE04EC0-301F-11D3-BF4B-00C04F79EFBC}") = "ZeaMart", "ZeaMart.csproj", "{4D37BB7F-E753-46AE-8C25-6163C91B5BBB}"
EndProject
Global
	GlobalSection(SolutionConfigurationPlatforms) = preSolution
		Debug|Any CPU = Debug|Any CPU
		Release|Any CPU = Release|Any CPU
	EndGlobalSection
	GlobalSection(ProjectConfigurationPlatforms) = postSolution
		{4D37BB7F-E753-46AE-8C25-6163C91B5BBB}.Debug|Any CPU.ActiveCfg = Debug|Any CPU
		{4D37BB7F-E753-46AE-8C25-6163C91B5BBB}.Debug|Any CPU.Build.0 = Debug|Any CPU
		{4D37BB7F-E753-46AE-8C25-6163C91B5BBB}.Release|Any CPU.ActiveCfg = Release|Any CPU
		{4D37BB7F-E753-46AE-8C25-6163C91B5BBB}.Release|Any CPU.Build.0 = Release|Any CPU
	EndGlobalSection
	GlobalSection(SolutionProperties) = preSolution
		HideSolutionNode = FALSE
	EndGlobalSection
	GlobalSection(ExtensibilityGlobals) = postSolution
		SolutionGuid = {D8C87689-D799-4949-9DDA-FF37EE2901C0}
	EndGlobalSection
EndGlobal
